
Microsoft Visual Studio Solution File, Format Version 12.00
# Visual Studio 2017
Project("{FAE04EC0-301F-11D3-BF4B-00C04F79EFBC}") = "Homework0", "Homework0.csproj", "{D6F814E3-DA65-D069-CB69-F23848DD5564}"
EndProject
Project("{FAE04EC0-301F-11D3-BF4B-00C04F79EFBC}") = "Homework0.Editor", "Homework0.Editor.csproj", "{38D8C994-AA4D-0FB6-41BB-A68DE794A7A8}"
EndProject
Global
	GlobalSection(SolutionConfigurationPlatforms) = preSolution
		Debug|Any CPU = Debug|Any CPU
		Release|Any CPU = Release|Any CPU
	EndGlobalSection
	GlobalSection(ProjectConfigurationPlatforms) = postSolution
		{D6F814E3-DA65-D069-CB69-F23848DD5564}.Debug|Any CPU.ActiveCfg = Debug|Any CPU
		{D6F814E3-DA65-D069-CB69-F23848DD5564}.Debug|Any CPU.Build.0 = Debug|Any CPU
		{D6F814E3-DA65-D069-CB69-F23848DD5564}.Release|Any CPU.ActiveCfg = Release|Any CPU
		{D6F814E3-DA65-D069-CB69-F23848DD5564}.Release|Any CPU.Build.0 = Release|Any CPU
		{38D8C994-AA4D-0FB6-41BB-A68DE794A7A8}.Debug|Any CPU.ActiveCfg = Debug|Any CPU
		{38D8C994-AA4D-0FB6-41BB-A68DE794A7A8}.Debug|Any CPU.Build.0 = Debug|Any CPU
		{38D8C994-AA4D-0FB6-41BB-A68DE794A7A8}.Release|Any CPU.ActiveCfg = Release|Any CPU
		{38D8C994-AA4D-0FB6-41BB-A68DE794A7A8}.Release|Any CPU.Build.0 = Release|Any CPU
	EndGlobalSection
	GlobalSection(SolutionProperties) = preSolution
		HideSolutionNode = FALSE
	EndGlobalSection
EndGlobal
